// !$*UTF8*$!
{
	archiveVersion = 1;
	classes = {
	};
	objectVersion = 46;
	objects = {

/* Begin PBXBuildFile section */
		E7B721BB1A499335002676B9 /* AppDelegate.swift in Sources */ = {isa = PBXBuildFile; fileRef = E7B721BA1A499335002676B9 /* AppDelegate.swift */; };
		E7B721BD1A499335002676B9 /* ViewController.swift in Sources */ = {isa = PBXBuildFile; fileRef = E7B721BC1A499335002676B9 /* ViewController.swift */; };
		E7B721C01A499335002676B9 /* Main.storyboard in Resources */ = {isa = PBXBuildFile; fileRef = E7B721BE1A499335002676B9 /* Main.storyboard */; };
		E7B721C21A499335002676B9 /* Images.xcassets in Resources */ = {isa = PBXBuildFile; fileRef = E7B721C11A499335002676B9 /* Images.xcassets */; };
		E7B721C51A499335002676B9 /* LaunchScreen.xib in Resources */ = {isa = PBXBuildFile; fileRef = E7B721C31A499335002676B9 /* LaunchScreen.xib */; };
		E7B721D11A499335002676B9 /* Swift2048Tests.swift in Sources */ = {isa = PBXBuildFile; fileRef = E7B721D01A499335002676B9 /* Swift2048Tests.swift */; };
		E7BBAFEC1A49F92000049F08 /* GameModel.swift in Sources */ = {isa = PBXBuildFile; fileRef = E7BBAFEB1A49F92000049F08 /* GameModel.swift */; };
		E7BBAFF11A4A171400049F08 /* AboutViewController.swift in Sources */ = {isa = PBXBuildFile; fileRef = E7BBAFF01A4A171400049F08 /* AboutViewController.swift */; };
		E7BBAFF31A4A172D00049F08 /* NewGameViewController.swift in Sources */ = {isa = PBXBuildFile; fileRef = E7BBAFF21A4A172D00049F08 /* NewGameViewController.swift */; };
		E7BBAFF51A4A173E00049F08 /* HowToPlayViewController.swift in Sources */ = {isa = PBXBuildFile; fileRef = E7BBAFF41A4A173E00049F08 /* HowToPlayViewController.swift */; };
		E7BBAFF71A4A175100049F08 /* HighScoresViewController.swift in Sources */ = {isa = PBXBuildFile; fileRef = E7BBAFF61A4A175100049F08 /* HighScoresViewController.swift */; };
/* End PBXBuildFile section */

/* Begin PBXContainerItemProxy section */
		E7B721CB1A499335002676B9 /* PBXContainerItemProxy */ = {
			isa = PBXContainerItemProxy;
			containerPortal = E7B721AD1A499335002676B9 /* Project object */;
			proxyType = 1;
			remoteGlobalIDString = E7B721B41A499335002676B9;
			remoteInfo = Swift2048;
		};
/* End PBXContainerItemProxy section */

/* Begin PBXFileReference section */
		E7B721B51A499335002676B9 /* Swift2048.app */ = {isa = PBXFileReference; explicitFileType = wrapper.application; includeInIndex = 0; path = Swift2048.app; sourceTree = BUILT_PRODUCTS_DIR; };
		E7B721B91A499335002676B9 /* Info.plist */ = {isa = PBXFileReference; lastKnownFileType = text.plist.xml; path = Info.plist; sourceTree = "<group>"; };
		E7B721BA1A499335002676B9 /* AppDelegate.swift */ = {isa = PBXFileReference; lastKnownFileType = sourcecode.swift; path = AppDelegate.swift; sourceTree = "<group>"; };
		E7B721BC1A499335002676B9 /* ViewController.swift */ = {isa = PBXFileReference; lastKnownFileType = sourcecode.swift; path = ViewController.swift; sourceTree = "<group>"; };
		E7B721BF1A499335002676B9 /* Base */ = {isa = PBXFileReference; lastKnownFileType = file.storyboard; name = Base; path = Base.lproj/Main.storyboard; sourceTree = "<group>"; };
		E7B721C11A499335002676B9 /* Images.xcassets */ = {isa = PBXFileReference; lastKnownFileType = folder.assetcatalog; path = Images.xcassets; sourceTree = "<group>"; };
		E7B721C41A499335002676B9 /* Base */ = {isa = PBXFileReference; lastKnownFileType = file.xib; name = Base; path = Base.lproj/LaunchScreen.xib; sourceTree = "<group>"; };
		E7B721CA1A499335002676B9 /* Swift2048Tests.xctest */ = {isa = PBXFileReference; explicitFileType = wrapper.cfbundle; includeInIndex = 0; path = Swift2048Tests.xctest; sourceTree = BUILT_PRODUCTS_DIR; };
		E7B721CF1A499335002676B9 /* Info.plist */ = {isa = PBXFileReference; lastKnownFileType = text.plist.xml; path = Info.plist; sourceTree = "<group>"; };
		E7B721D01A499335002676B9 /* Swift2048Tests.swift */ = {isa = PBXFileReference; lastKnownFileType = sourcecode.swift; path = Swift2048Tests.swift; sourceTree = "<group>"; };
		E7BBAFEB1A49F92000049F08 /* GameModel.swift */ = {isa = PBXFileReference; fileEncoding = 4; lastKnownFileType = sourcecode.swift; path = GameModel.swift; sourceTree = "<group>"; };
		E7BBAFF01A4A171400049F08 /* AboutViewController.swift */ = {isa = PBXFileReference; fileEncoding = 4; lastKnownFileType = sourcecode.swift; path = AboutViewController.swift; sourceTree = "<group>"; };
		E7BBAFF21A4A172D00049F08 /* NewGameViewController.swift */ = {isa = PBXFileReference; fileEncoding = 4; lastKnownFileType = sourcecode.swift; path = NewGameViewController.swift; sourceTree = "<group>"; };
		E7BBAFF41A4A173E00049F08 /* HowToPlayViewController.swift */ = {isa = PBXFileReference; fileEncoding = 4; lastKnownFileType = sourcecode.swift; path = HowToPlayViewController.swift; sourceTree = "<group>"; };
		E7BBAFF61A4A175100049F08 /* HighScoresViewController.swift */ = {isa = PBXFileReference; fileEncoding = 4; lastKnownFileType = sourcecode.swift; path = HighScoresViewController.swift; sourceTree = "<group>"; };
/* End PBXFileReference section */

/* Begin PBXFrameworksBuildPhase section */
		E7B721B21A499335002676B9 /* Frameworks */ = {
			isa = PBXFrameworksBuildPhase;
			buildActionMask = 2147483647;
			files = (
			);
			runOnlyForDeploymentPostprocessing = 0;
		};
		E7B721C71A499335002676B9 /* Frameworks */ = {
			isa = PBXFrameworksBuildPhase;
			buildActionMask = 2147483647;
			files = (
			);
			runOnlyForDeploymentPostprocessing = 0;
		};
/* End PBXFrameworksBuildPhase section */

/* Begin PBXGroup section */
		E7B721AC1A499335002676B9 = {
			isa = PBXGroup;
			children = (
				E7B721B71A499335002676B9 /* Swift2048 */,
				E7B721CD1A499335002676B9 /* Swift2048Tests */,
				E7B721B61A499335002676B9 /* Products */,
			);
			sourceTree = "<group>";
		};
		E7B721B61A499335002676B9 /* Products */ = {
			isa = PBXGroup;
			children = (
				E7B721B51A499335002676B9 /* Swift2048.app */,
				E7B721CA1A499335002676B9 /* Swift2048Tests.xctest */,
			);
			name = Products;
			sourceTree = "<group>";
		};
		E7B721B71A499335002676B9 /* Swift2048 */ = {
			isa = PBXGroup;
			children = (
				E7BBAFEF1A4A16AD00049F08 /* Controller */,
				E7BBAFEA1A49F8F200049F08 /* Model */,
				E7B721BA1A499335002676B9 /* AppDelegate.swift */,
				E7B721BC1A499335002676B9 /* ViewController.swift */,
				E7B721BE1A499335002676B9 /* Main.storyboard */,
				E7B721C11A499335002676B9 /* Images.xcassets */,
				E7B721C31A499335002676B9 /* LaunchScreen.xib */,
				E7B721B81A499335002676B9 /* Supporting Files */,
			);
			path = Swift2048;
			sourceTree = "<group>";
		};
		E7B721B81A499335002676B9 /* Supporting Files */ = {
			isa = PBXGroup;
			children = (
				E7B721B91A499335002676B9 /* Info.plist */,
			);
			name = "Supporting Files";
			sourceTree = "<group>";
		};
		E7B721CD1A499335002676B9 /* Swift2048Tests */ = {
			isa = PBXGroup;
			children = (
				E7B721D01A499335002676B9 /* Swift2048Tests.swift */,
				E7B721CE1A499335002676B9 /* Supporting Files */,
			);
			path = Swift2048Tests;
			sourceTree = "<group>";
		};
		E7B721CE1A499335002676B9 /* Supporting Files */ = {
			isa = PBXGroup;
			children = (
				E7B721CF1A499335002676B9 /* Info.plist */,
			);
			name = "Supporting Files";
			sourceTree = "<group>";
		};
		E7BBAFEA1A49F8F200049F08 /* Model */ = {
			isa = PBXGroup;
			children = (
				E7BBAFEB1A49F92000049F08 /* GameModel.swift */,
			);
			name = Model;
			sourceTree = "<group>";
		};
		E7BBAFEF1A4A16AD00049F08 /* Controller */ = {
			isa = PBXGroup;
			children = (
				E7BBAFF21A4A172D00049F08 /* NewGameViewController.swift */,
				E7BBAFF61A4A175100049F08 /* HighScoresViewController.swift */,
				E7BBAFF41A4A173E00049F08 /* HowToPlayViewController.swift */,
				E7BBAFF01A4A171400049F08 /* AboutViewController.swift */,
			);
			name = Controller;
			sourceTree = "<group>";
		};
/* End PBXGroup section */

/* Begin PBXNativeTarget section */
		E7B721B41A499335002676B9 /* Swift2048 */ = {
			isa = PBXNativeTarget;
			buildConfigurationList = E7B721D41A499335002676B9 /* Build configuration list for PBXNativeTarget "Swift2048" */;
			buildPhases = (
				E7B721B11A499335002676B9 /* Sources */,
				E7B721B21A499335002676B9 /* Frameworks */,
				E7B721B31A499335002676B9 /* Resources */,
			);
			buildRules = (
			);
			dependencies = (
			);
			name = Swift2048;
			productName = Swift2048;
			productReference = E7B721B51A499335002676B9 /* Swift2048.app */;
			productType = "com.apple.product-type.application";
		};
		E7B721C91A499335002676B9 /* Swift2048Tests */ = {
			isa = PBXNativeTarget;
			buildConfigurationList = E7B721D71A499335002676B9 /* Build configuration list for PBXNativeTarget "Swift2048Tests" */;
			buildPhases = (
				E7B721C61A499335002676B9 /* Sources */,
				E7B721C71A499335002676B9 /* Frameworks */,
				E7B721C81A499335002676B9 /* Resources */,
			);
			buildRules = (
			);
			dependencies = (
				E7B721CC1A499335002676B9 /* PBXTargetDependency */,
			);
			name = Swift2048Tests;
			productName = Swift2048Tests;
			productReference = E7B721CA1A499335002676B9 /* Swift2048Tests.xctest */;
			productType = "com.apple.product-type.bundle.unit-test";
		};
/* End PBXNativeTarget section */

/* Begin PBXProject section */
		E7B721AD1A499335002676B9 /* Project object */ = {
			isa = PBXProject;
			attributes = {
				LastUpgradeCheck = 0610;
				ORGANIZATIONNAME = "Ugur Ozkan";
				TargetAttributes = {
					E7B721B41A499335002676B9 = {
						CreatedOnToolsVersion = 6.1;
					};
					E7B721C91A499335002676B9 = {
						CreatedOnToolsVersion = 6.1;
						TestTargetID = E7B721B41A499335002676B9;
					};
				};
			};
			buildConfigurationList = E7B721B01A499335002676B9 /* Build configuration list for PBXProject "Swift2048" */;
			compatibilityVersion = "Xcode 3.2";
			developmentRegion = English;
			hasScannedForEncodings = 0;
			knownRegions = (
				en,
				Base,
			);
			mainGroup = E7B721AC1A499335002676B9;
			productRefGroup = E7B721B61A499335002676B9 /* Products */;
			projectDirPath = "";
			projectRoot = "";
			targets = (
				E7B721B41A499335002676B9 /* Swift2048 */,
				E7B721C91A499335002676B9 /* Swift2048Tests */,
			);
		};
/* End PBXProject section */

/* Begin PBXResourcesBuildPhase section */
		E7B721B31A499335002676B9 /* Resources */ = {
			isa = PBXResourcesBuildPhase;
			buildActionMask = 2147483647;
			files = (
				E7B721C01A499335002676B9 /* Main.storyboard in Resources */,
				E7B721C51A499335002676B9 /* LaunchScreen.xib in Resources */,
				E7B721C21A499335002676B9 /* Images.xcassets in Resources */,
			);
			runOnlyForDeploymentPostprocessing = 0;
		};
		E7B721C81A499335002676B9 /* Resources */ = {
			isa = PBXResourcesBuildPhase;
			buildActionMask = 2147483647;
			files = (
			);
			runOnlyForDeploymentPostprocessing = 0;
		};
/* End PBXResourcesBuildPhase section */

/* Begin PBXSourcesBuildPhase section */
		E7B721B11A499335002676B9 /* Sources */ = {
			isa = PBXSourcesBuildPhase;
			buildActionMask = 2147483647;
			files = (
				E7B721BD1A499335002676B9 /* ViewController.swift in Sources */,
				E7B721BB1A499335002676B9 /* AppDelegate.swift in Sources */,
				E7BBAFF71A4A175100049F08 /* HighScoresViewController.swift in Sources */,
				E7BBAFF51A4A173E00049F08 /* HowToPlayViewController.swift in Sources */,
				E7BBAFF31A4A172D00049F08 /* NewGameViewController.swift in Sources */,
				E7BBAFF11A4A171400049F08 /* AboutViewController.swift in Sources */,
				E7BBAFEC1A49F92000049F08 /* GameModel.swift in Sources */,
			);
			runOnlyForDeploymentPostprocessing = 0;
		};
		E7B721C61A499335002676B9 /* Sources */ = {
			isa = PBXSourcesBuildPhase;
			buildActionMask = 2147483647;
			files = (
				E7B721D11A499335002676B9 /* Swift2048Tests.swift in Sources */,
			);
			runOnlyForDeploymentPostprocessing = 0;
		};
/* End PBXSourcesBuildPhase section */

/* Begin PBXTargetDependency section */
		E7B721CC1A499335002676B9 /* PBXTargetDependency */ = {
			isa = PBXTargetDependency;
			target = E7B721B41A499335002676B9 /* Swift2048 */;
			targetProxy = E7B721CB1A499335002676B9 /* PBXContainerItemProxy */;
		};
/* End PBXTargetDependency section */

/* Begin PBXVariantGroup section */
		E7B721BE1A499335002676B9 /* Main.storyboard */ = {
			isa = PBXVariantGroup;
			children = (
				E7B721BF1A499335002676B9 /* Base */,
			);
			name = Main.storyboard;
			sourceTree = "<group>";
		};
		E7B721C31A499335002676B9 /* LaunchScreen.xib */ = {
			isa = PBXVariantGroup;
			children = (
				E7B721C41A499335002676B9 /* Base */,
			);
			name = LaunchScreen.xib;
			sourceTree = "<group>";
		};
/* End PBXVariantGroup section */

/* Begin XCBuildConfiguration section */
		E7B721D21A499335002676B9 /* Debug */ = {
			isa = XCBuildConfiguration;
			buildSettings = {
				ALWAYS_SEARCH_USER_PATHS = NO;
				CLANG_CXX_LANGUAGE_STANDARD = "gnu++0x";
				CLANG_CXX_LIBRARY = "libc++";
				CLANG_ENABLE_MODULES = YES;
				CLANG_ENABLE_OBJC_ARC = YES;
				CLANG_WARN_BOOL_CONVERSION = YES;
				CLANG_WARN_CONSTANT_CONVERSION = YES;
				CLANG_WARN_DIRECT_OBJC_ISA_USAGE = YES_ERROR;
				CLANG_WARN_EMPTY_BODY = YES;
				CLANG_WARN_ENUM_CONVERSION = YES;
				CLANG_WARN_INT_CONVERSION = YES;
				CLANG_WARN_OBJC_ROOT_CLASS = YES_ERROR;
				CLANG_WARN_UNREACHABLE_CODE = YES;
				CLANG_WARN__DUPLICATE_METHOD_MATCH = YES;
				"CODE_SIGN_IDENTITY[sdk=iphoneos*]" = "iPhone Developer";
				COPY_PHASE_STRIP = NO;
				ENABLE_STRICT_OBJC_MSGSEND = YES;
				GCC_C_LANGUAGE_STANDARD = gnu99;
				GCC_DYNAMIC_NO_PIC = NO;
				GCC_OPTIMIZATION_LEVEL = 0;
				GCC_PREPROCESSOR_DEFINITIONS = (
					"DEBUG=1",
					"$(inherited)",
				);
				GCC_SYMBOLS_PRIVATE_EXTERN = NO;
				GCC_WARN_64_TO_32_BIT_CONVERSION = YES;
				GCC_WARN_ABOUT_RETURN_TYPE = YES_ERROR;
				GCC_WARN_UNDECLARED_SELECTOR = YES;
				GCC_WARN_UNINITIALIZED_AUTOS = YES_AGGRESSIVE;
				GCC_WARN_UNUSED_FUNCTION = YES;
				GCC_WARN_UNUSED_VARIABLE = YES;
				IPHONEOS_DEPLOYMENT_TARGET = 8.1;
				MTL_ENABLE_DEBUG_INFO = YES;
				ONLY_ACTIVE_ARCH = YES;
				SDKROOT = iphoneos;
				SWIFT_OPTIMIZATION_LEVEL = "-Onone";
			};
			name = Debug;
		};
		E7B721D31A499335002676B9 /* Release */ = {
			isa = XCBuildConfiguration;
			buildSettings = {
				ALWAYS_SEARCH_USER_PATHS = NO;
				CLANG_CXX_LANGUAGE_STANDARD = "gnu++0x";
				CLANG_CXX_LIBRARY = "libc++";
				CLANG_ENABLE_MODULES = YES;
				CLANG_ENABLE_OBJC_ARC = YES;
				CLANG_WARN_BOOL_CONVERSION = YES;
				CLANG_WARN_CONSTANT_CONVERSION = YES;
				CLANG_WARN_DIRECT_OBJC_ISA_USAGE = YES_ERROR;
				CLANG_WARN_EMPTY_BODY = YES;
				CLANG_WARN_ENUM_CONVERSION = YES;
				CLANG_WARN_INT_CONVERSION = YES;
				CLANG_WARN_OBJC_ROOT_CLASS = YES_ERROR;
				CLANG_WARN_UNREACHABLE_CODE = YES;
				CLANG_WARN__DUPLICATE_METHOD_MATCH = YES;
				"CODE_SIGN_IDENTITY[sdk=iphoneos*]" = "iPhone Developer";
				COPY_PHASE_STRIP = YES;
				ENABLE_NS_ASSERTIONS = NO;
				ENABLE_STRICT_OBJC_MSGSEND = YES;
				GCC_C_LANGUAGE_STANDARD = gnu99;
				GCC_WARN_64_TO_32_BIT_CONVERSION = YES;
				GCC_WARN_ABOUT_RETURN_TYPE = YES_ERROR;
				GCC_WARN_UNDECLARED_SELECTOR = YES;
				GCC_WARN_UNINITIALIZED_AUTOS = YES_AGGRESSIVE;
				GCC_WARN_UNUSED_FUNCTION = YES;
				GCC_WARN_UNUSED_VARIABLE = YES;
				IPHONEOS_DEPLOYMENT_TARGET = 8.1;
				MTL_ENABLE_DEBUG_INFO = NO;
				SDKROOT = iphoneos;
				VALIDATE_PRODUCT = YES;
			};
			name = Release;
		};
		E7B721D51A499335002676B9 /* Debug */ = {
			isa = XCBuildConfiguration;
			buildSettings = {
				ASSETCATALOG_COMPILER_APPICON_NAME = AppIcon;
				INFOPLIST_FILE = Swift2048/Info.plist;
				LD_RUNPATH_SEARCH_PATHS = "$(inherited) @executable_path/Frameworks";
				PRODUCT_NAME = "$(TARGET_NAME)";
			};
			name = Debug;
		};
		E7B721D61A499335002676B9 /* Release */ = {
			isa = XCBuildConfiguration;
			buildSettings = {
				ASSETCATALOG_COMPILER_APPICON_NAME = AppIcon;
				INFOPLIST_FILE = Swift2048/Info.plist;
				LD_RUNPATH_SEARCH_PATHS = "$(inherited) @executable_path/Frameworks";
				PRODUCT_NAME = "$(TARGET_NAME)";
			};
			name = Release;
		};
		E7B721D81A499335002676B9 /* Debug */ = {
			isa = XCBuildConfiguration;
			buildSettings = {
				BUNDLE_LOADER = "$(TEST_HOST)";
				FRAMEWORK_SEARCH_PATHS = (
					"$(SDKROOT)/Developer/Library/Frameworks",
					"$(inherited)",
				);
				GCC_PREPROCESSOR_DEFINITIONS = (
					"DEBUG=1",
					"$(inherited)",
				);
				INFOPLIST_FILE = Swift2048Tests/Info.plist;
				LD_RUNPATH_SEARCH_PATHS = "$(inherited) @executable_path/Frameworks @loader_path/Frameworks";
				PRODUCT_NAME = "$(TARGET_NAME)";
				TEST_HOST = "$(BUILT_PRODUCTS_DIR)/Swift2048.app/Swift2048";
			};
			name = Debug;
		};
		E7B721D91A499335002676B9 /* Release */ = {
			isa = XCBuildConfiguration;
			buildSettings = {
				BUNDLE_LOADER = "$(TEST_HOST)";
				FRAMEWORK_SEARCH_PATHS = (
					"$(SDKROOT)/Developer/Library/Frameworks",
					"$(inherited)",
				);
				INFOPLIST_FILE = Swift2048Tests/Info.plist;
				LD_RUNPATH_SEARCH_PATHS = "$(inherited) @executable_path/Frameworks @loader_path/Frameworks";
				PRODUCT_NAME = "$(TARGET_NAME)";
				TEST_HOST = "$(BUILT_PRODUCTS_DIR)/Swift2048.app/Swift2048";
			};
			name = Release;
		};
/* End XCBuildConfiguration section */

/* Begin XCConfigurationList section */
		E7B721B01A499335002676B9 /* Build configuration list for PBXProject "Swift2048" */ = {
			isa = XCConfigurationList;
			buildConfigurations = (
				E7B721D21A499335002676B9 /* Debug */,
				E7B721D31A499335002676B9 /* Release */,
			);
			defaultConfigurationIsVisible = 0;
			defaultConfigurationName = Release;
		};
		E7B721D41A499335002676B9 /* Build configuration list for PBXNativeTarget "Swift2048" */ = {
			isa = XCConfigurationList;
			buildConfigurations = (
				E7B721D51A499335002676B9 /* Debug */,
				E7B721D61A499335002676B9 /* Release */,
			);
			defaultConfigurationIsVisible = 0;
			defaultConfigurationName = Release;
		};
		E7B721D71A499335002676B9 /* Build configuration list for PBXNativeTarget "Swift2048Tests" */ = {
			isa = XCConfigurationList;
			buildConfigurations = (
				E7B721D81A499335002676B9 /* Debug */,
				E7B721D91A499335002676B9 /* Release */,
			);
			defaultConfigurationIsVisible = 0;
			defaultConfigurationName = Release;
		};
/* End XCConfigurationList section */
	};
	rootObject = E7B721AD1A499335002676B9 /* Project object */;
}
